{
  "name": "ip-to-tz",
  "version": "1.0.0",
  "lockfileVersion": 1,
  "requires": true,
  "dependencies": {
    "@turf/boolean-point-in-polygon": {
      "version": "6.0.1",
      "resolved": "https://registry.npmjs.org/@turf/boolean-point-in-polygon/-/boolean-point-in-polygon-6.0.1.tgz",
      "integrity": "sha512-FKLOZ124vkJhjzNSDcqpwp2NvfnsbYoUOt5iAE7uskt4svix5hcjIEgX9sELFTJpbLGsD1mUbKdfns8tZxcMNg==",
      "requires": {
        "@turf/helpers": "6.x",
        "@turf/invariant": "6.x"
      }
    },
    "@turf/helpers": {
      "version": "6.1.4",
      "resolved": "https://registry.npmjs.org/@turf/helpers/-/helpers-6.1.4.tgz",
      "integrity": "sha512-vJvrdOZy1ngC7r3MDA7zIGSoIgyrkWcGnNIEaqn/APmw+bVLF2gAW7HIsdTxd12s5wQMqEpqIQrmrbRRZ0xC7g=="
    },
    "@turf/invariant": {
      "version": "6.1.2",
      "resolved": "https://registry.npmjs.org/@turf/invariant/-/invariant-6.1.2.tgz",
      "integrity": "sha512-WU08Ph8j0J2jVGlQCKChXoCtI50BB3yEH21V++V0T4cR1T27HKCxkehV2sYMwTierfMBgjwSwDIsxnR4/2mWXg==",
      "requires": {
        "@turf/helpers": "6.x"
      }
    },
    "ansi-styles": {
      "version": "3.2.1",
      "resolved": "https://registry.npmjs.org/ansi-styles/-/ansi-styles-3.2.1.tgz",
      "integrity": "sha512-VT0ZI6kZRdTh8YyJw3SMbYm/u+NqfsAxEpWO0Pf9sq8/e94WxxOpPKx9FR1FlyCtOVDNOQ+8ntlqFxiRc+r5qA==",
      "requires": {
        "color-convert": "^1.9.0"
      }
    },
    "arg": {
      "version": "2.0.0",
      "resolved": "http://registry.npmjs.org/arg/-/arg-2.0.0.tgz",
      "integrity": "sha512-XxNTUzKnz1ctK3ZIcI2XUPlD96wbHP2nGqkPKpvk/HNRlPveYrXIVSTk9m3LcqOgDPg3B1nMvdV/K8wZd7PG4w=="
    },
    "array-source": {
      "version": "0.0.4",
      "resolved": "https://registry.npmjs.org/array-source/-/array-source-0.0.4.tgz",
      "integrity": "sha512-frNdc+zBn80vipY+GdcJkLEbMWj3xmzArYApmUGxoiV8uAu/ygcs9icPdsGdA26h0MkHUMW6EN2piIvVx+M5Mw=="
    },
    "big-integer": {
      "version": "1.6.36",
      "resolved": "https://registry.npmjs.org/big-integer/-/big-integer-1.6.36.tgz",
      "integrity": "sha512-t70bfa7HYEA1D9idDbmuv7YbsbVkQ+Hp+8KFSul4aE5e/i1bjCNIRYJZlA8Q8p0r9T8cF/RVvwUgRA//FydEyg=="
    },
    "buffer-from": {
      "version": "1.1.1",
      "resolved": "https://registry.npmjs.org/buffer-from/-/buffer-from-1.1.1.tgz",
      "integrity": "sha512-MQcXEUbCKtEo7bhqEs6560Hyd4XaovZlO/k9V3hjVUF/zwW7KBVdSK4gIt/bzwS9MbR5qob+F5jusZsb0YQK2A=="
    },
    "bytes": {
      "version": "3.0.0",
      "resolved": "https://registry.npmjs.org/bytes/-/bytes-3.0.0.tgz",
      "integrity": "sha1-0ygVQE1olpn4Wk6k+odV3ROpYEg="
    },
    "chalk": {
      "version": "2.4.0",
      "resolved": "https://registry.npmjs.org/chalk/-/chalk-2.4.0.tgz",
      "integrity": "sha512-Wr/w0f4o9LuE7K53cD0qmbAMM+2XNLzR29vFn5hqko4sxGlUsyy363NvmyGIyk5tpe9cjTr9SJYbysEyPkRnFw==",
      "requires": {
        "ansi-styles": "^3.2.1",
        "escape-string-regexp": "^1.0.5",
        "supports-color": "^5.3.0"
      }
    },
    "color-convert": {
      "version": "1.9.3",
      "resolved": "https://registry.npmjs.org/color-convert/-/color-convert-1.9.3.tgz",
      "integrity": "sha512-QfAUtd+vFdAtFQcC8CCyYt1fYWxSqAiK2cSD6zDB8N3cpsEBAvRxp9zOGg6G/SHHJYAT88/az/IuDGALsNVbGg==",
      "requires": {
        "color-name": "1.1.3"
      }
    },
    "color-name": {
      "version": "1.1.3",
      "resolved": "https://registry.npmjs.org/color-name/-/color-name-1.1.3.tgz",
      "integrity": "sha1-p9BVi9icQveV3UIyj3QIMcpTvCU="
    },
    "commander": {
      "version": "2.19.0",
      "resolved": "https://registry.npmjs.org/commander/-/commander-2.19.0.tgz",
      "integrity": "sha512-6tvAOO+D6OENvRAh524Dh9jcfKTYDQAqvqezbCW82xj5X0pSrcpxtvRKHLG0yBY6SD7PSDrJaj+0AiOcKVd1Xg=="
    },
    "concat-stream": {
      "version": "1.6.2",
      "resolved": "https://registry.npmjs.org/concat-stream/-/concat-stream-1.6.2.tgz",
      "integrity": "sha512-27HBghJxjiZtIk3Ycvn/4kbJk/1uZuJFfuPEns6LaEvpvG1f0hTea8lilrouyo9mVc2GWdcEZ8OLoGmSADlrCw==",
      "requires": {
        "buffer-from": "^1.0.0",
        "inherits": "^2.0.3",
        "readable-stream": "^2.2.2",
        "typedarray": "^0.0.6"
      }
    },
    "content-type": {
      "version": "1.0.4",
      "resolved": "https://registry.npmjs.org/content-type/-/content-type-1.0.4.tgz",
      "integrity": "sha512-hIP3EEPs8tB9AT1L+NUqtwOAps4mk2Zob89MWXMHjHWg9milF/j4osnnQLXBCBFBk/tvIG/tUc9mOUJiPBhPXA=="
    },
    "core-util-is": {
      "version": "1.0.2",
      "resolved": "https://registry.npmjs.org/core-util-is/-/core-util-is-1.0.2.tgz",
      "integrity": "sha1-tf1UIgqivFq1eqtxQMlAdUUDwac="
    },
    "depd": {
      "version": "1.1.1",
      "resolved": "https://registry.npmjs.org/depd/-/depd-1.1.1.tgz",
      "integrity": "sha1-V4O04cRZ8G+lyif5kfPQbnoxA1k="
    },
    "escape-string-regexp": {
      "version": "1.0.5",
      "resolved": "https://registry.npmjs.org/escape-string-regexp/-/escape-string-regexp-1.0.5.tgz",
      "integrity": "sha1-G2HAViGQqN/2rjuyzwIAyhMLhtQ="
    },
    "file-source": {
      "version": "0.6.1",
      "resolved": "https://registry.npmjs.org/file-source/-/file-source-0.6.1.tgz",
      "integrity": "sha1-rhidSZN2a4Zad/g63Pm5pQTNN9w=",
      "requires": {
        "stream-source": "0.3"
      }
    },
    "geo-tz": {
      "version": "5.0.0",
      "resolved": "https://registry.npmjs.org/geo-tz/-/geo-tz-5.0.0.tgz",
      "integrity": "sha512-5xue0lJqA13g6yzpnokUnwaEiBlVMsU7ydyagTC54mgt0wz1C4cG5Cko0JYbCe2x34i5x3ddABPacE1TtJc00Q==",
      "requires": {
        "@turf/boolean-point-in-polygon": "^6.0.1",
        "@turf/helpers": "^6.1.3",
        "geobuf": "^3.0.0",
        "pbf": "^3.0.5",
        "timed-cache": "^1.1.0"
      }
    },
    "geobuf": {
      "version": "3.0.1",
      "resolved": "https://registry.npmjs.org/geobuf/-/geobuf-3.0.1.tgz",
      "integrity": "sha512-6gwj0B9oJaOVcG1HFliN/nmsUFq4FRlVmMKyykQ7lV574PeRHJH6ByB7HZtwztpDzJc8RJHUQhH5jH7Sg6EYvA==",
      "requires": {
        "concat-stream": "^1.6.2",
        "pbf": "^3.1.0",
        "shapefile": "~0.6.6"
      }
    },
    "has-flag": {
      "version": "3.0.0",
      "resolved": "https://registry.npmjs.org/has-flag/-/has-flag-3.0.0.tgz",
      "integrity": "sha1-tdRU3CGZriJWmfNGfloH87lVuv0="
    },
    "http-errors": {
      "version": "1.6.2",
      "resolved": "https://registry.npmjs.org/http-errors/-/http-errors-1.6.2.tgz",
      "integrity": "sha1-CgAsyFcHGSp+eUbO7cERVfYOxzY=",
      "requires": {
        "depd": "1.1.1",
        "inherits": "2.0.3",
        "setprototypeof": "1.0.3",
        "statuses": ">= 1.3.1 < 2"
      }
    },
    "iconv-lite": {
      "version": "0.4.19",
      "resolved": "https://registry.npmjs.org/iconv-lite/-/iconv-lite-0.4.19.tgz",
      "integrity": "sha512-oTZqweIP51xaGPI4uPa56/Pri/480R+mo7SeU+YETByQNhDG55ycFyNLIgta9vXhILrxXDmF7ZGhqZIcuN0gJQ=="
    },
    "ieee754": {
      "version": "1.1.12",
      "resolved": "https://registry.npmjs.org/ieee754/-/ieee754-1.1.12.tgz",
      "integrity": "sha512-GguP+DRY+pJ3soyIiGPTvdiVXjZ+DbXOxGpXn3eMvNW4x4irjqXm4wHKscC+TfxSJ0yw/S1F24tqdMNsMZTiLA=="
    },
    "inherits": {
      "version": "2.0.3",
      "resolved": "https://registry.npmjs.org/inherits/-/inherits-2.0.3.tgz",
      "integrity": "sha1-Yzwsg+PaQqUC9SRmAiSA9CCCYd4="
    },
    "is-stream": {
      "version": "1.1.0",
      "resolved": "https://registry.npmjs.org/is-stream/-/is-stream-1.1.0.tgz",
      "integrity": "sha1-EtSj3U5o4Lec6428hBc66A2RykQ="
    },
    "isarray": {
      "version": "1.0.0",
      "resolved": "https://registry.npmjs.org/isarray/-/isarray-1.0.0.tgz",
      "integrity": "sha1-u5NdSFgsuhaMBoNJV6VKPgcSTxE="
    },
    "maxmind": {
      "version": "2.11.0",
      "resolved": "https://registry.npmjs.org/maxmind/-/maxmind-2.11.0.tgz",
      "integrity": "sha512-ke0huy9eNbsOX+VMDCgbf48FRrm4ZXrD7/5alYll9maDReAAt/0lNUG69eGaCzKVD+MQ5aCWZ8pxjJBjM8yFrA==",
      "requires": {
        "big-integer": "^1.6.31",
        "tiny-lru": "^1.6.1"
      }
    },
    "micro": {
      "version": "9.3.3",
      "resolved": "https://registry.npmjs.org/micro/-/micro-9.3.3.tgz",
      "integrity": "sha512-GbCp4NFQguARch0odX+BuWDja2Kc1pbYZqWfRvEDihGFTJG8U77C0L+Owg2j7TPyhQ5Tc+7z/SxspRqjdiZCjQ==",
      "requires": {
        "arg": "2.0.0",
        "chalk": "2.4.0",
        "content-type": "1.0.4",
        "is-stream": "1.1.0",
        "raw-body": "2.3.2"
      }
    },
    "micro-cors": {
      "version": "0.1.1",
      "resolved": "https://registry.npmjs.org/micro-cors/-/micro-cors-0.1.1.tgz",
      "integrity": "sha512-6WqIahA5sbQR1Gjexp1VuWGFDKbZZleJb/gy1khNGk18a6iN1FdTcr3Q8twaxkV5H94RjxIBjirYbWCehpMBFw=="
    },
    "micro-query": {
      "version": "0.3.0",
      "resolved": "https://registry.npmjs.org/micro-query/-/micro-query-0.3.0.tgz",
      "integrity": "sha1-EL2XPWJIN5q1hHq5LTNl/DRPMJ0=",
      "requires": {
        "qs": "6.5.2"
      }
    },
    "on-headers": {
      "version": "1.0.1",
      "resolved": "https://registry.npmjs.org/on-headers/-/on-headers-1.0.1.tgz",
      "integrity": "sha1-ko9dD0cNSTQmUepnlLCFfBAGk/c="
    },
    "path-source": {
      "version": "0.1.3",
      "resolved": "https://registry.npmjs.org/path-source/-/path-source-0.1.3.tgz",
      "integrity": "sha512-dWRHm5mIw5kw0cs3QZLNmpUWty48f5+5v9nWD2dw3Y0Hf+s01Ag8iJEWV0Sm0kocE8kK27DrIowha03e1YR+Qw==",
      "requires": {
        "array-source": "0.0",
        "file-source": "0.6"
      }
    },
    "pbf": {
      "version": "3.1.0",
      "resolved": "https://registry.npmjs.org/pbf/-/pbf-3.1.0.tgz",
      "integrity": "sha512-/hYJmIsTmh7fMkHAWWXJ5b8IKLWdjdlAFb3IHkRBn1XUhIYBChVGfVwmHEAV3UfXTxsP/AKfYTXTS/dCPxJd5w==",
      "requires": {
        "ieee754": "^1.1.6",
        "resolve-protobuf-schema": "^2.0.0"
      }
    },
    "process-nextick-args": {
      "version": "2.0.0",
      "resolved": "https://registry.npmjs.org/process-nextick-args/-/process-nextick-args-2.0.0.tgz",
      "integrity": "sha512-MtEC1TqN0EU5nephaJ4rAtThHtC86dNN9qCuEhtshvpVBkAW5ZO7BASN9REnF9eoXGcRub+pFuKEpOHE+HbEMw=="
    },
    "protocol-buffers-schema": {
      "version": "3.3.2",
      "resolved": "https://registry.npmjs.org/protocol-buffers-schema/-/protocol-buffers-schema-3.3.2.tgz",
      "integrity": "sha512-Xdayp8sB/mU+sUV4G7ws8xtYMGdQnxbeIfLjyO9TZZRJdztBGhlmbI5x1qcY4TG5hBkIKGnc28i7nXxaugu88w=="
    },
    "qs": {
      "version": "6.5.2",
      "resolved": "https://registry.npmjs.org/qs/-/qs-6.5.2.tgz",
      "integrity": "sha512-N5ZAX4/LxJmF+7wN74pUD6qAh9/wnvdQcjq9TZjevvXzSUo7bfmw91saqMjzGS2xq91/odN2dW/WOl7qQHNDGA=="
    },
    "raw-body": {
      "version": "2.3.2",
      "resolved": "https://registry.npmjs.org/raw-body/-/raw-body-2.3.2.tgz",
      "integrity": "sha1-vNYMd9Prk83gBQKVw/N5OJvIj4k=",
      "requires": {
        "bytes": "3.0.0",
        "http-errors": "1.6.2",
        "iconv-lite": "0.4.19",
        "unpipe": "1.0.0"
      }
    },
    "readable-stream": {
      "version": "2.3.6",
      "resolved": "http://registry.npmjs.org/readable-stream/-/readable-stream-2.3.6.tgz",
      "integrity": "sha512-tQtKA9WIAhBF3+VLAseyMqZeBjW0AHJoxOtYqSUZNJxauErmLbVm2FW1y+J/YA9dUrAC39ITejlZWhVIwawkKw==",
      "requires": {
        "core-util-is": "~1.0.0",
        "inherits": "~2.0.3",
        "isarray": "~1.0.0",
        "process-nextick-args": "~2.0.0",
        "safe-buffer": "~5.1.1",
        "string_decoder": "~1.1.1",
        "util-deprecate": "~1.0.1"
      }
    },
    "resolve-protobuf-schema": {
      "version": "2.1.0",
      "resolved": "https://registry.npmjs.org/resolve-protobuf-schema/-/resolve-protobuf-schema-2.1.0.tgz",
      "integrity": "sha512-kI5ffTiZWmJaS/huM8wZfEMer1eRd7oJQhDuxeCLe3t7N7mX3z94CN0xPxBQxFYQTSNz9T0i+v6inKqSdK8xrQ==",
      "requires": {
        "protocol-buffers-schema": "^3.3.1"
      }
    },
    "safe-buffer": {
      "version": "5.1.2",
      "resolved": "https://registry.npmjs.org/safe-buffer/-/safe-buffer-5.1.2.tgz",
      "integrity": "sha512-Gd2UZBJDkXlY7GbJxfsE8/nvKkUEU1G38c1siN6QP6a9PT9MmHB8GnpscSmMJSoF8LOIrt8ud/wPtojys4G6+g=="
    },
    "server-timings": {
      "version": "2.0.1",
      "resolved": "https://registry.npmjs.org/server-timings/-/server-timings-2.0.1.tgz",
      "integrity": "sha512-XepK9MIdADdcYF4o0J/pIVvCh7XdSBDtPCWsTsj04A1HtJXlbvHq9djhER4mCWSni34EEKqqsv8cOk3D2D9jlA==",
      "requires": {
        "on-headers": "^1.0.1"
      }
    },
    "setprototypeof": {
      "version": "1.0.3",
      "resolved": "https://registry.npmjs.org/setprototypeof/-/setprototypeof-1.0.3.tgz",
      "integrity": "sha1-ZlZ+NwQ+608E2RvWWMDL77VbjgQ="
    },
    "shapefile": {
      "version": "0.6.6",
      "resolved": "https://registry.npmjs.org/shapefile/-/shapefile-0.6.6.tgz",
      "integrity": "sha512-rLGSWeK2ufzCVx05wYd+xrWnOOdSV7xNUW5/XFgx3Bc02hBkpMlrd2F1dDII7/jhWzv0MSyBFh5uJIy9hLdfuw==",
      "requires": {
        "array-source": "0.0",
        "commander": "2",
        "path-source": "0.1",
        "slice-source": "0.4",
        "stream-source": "0.3",
        "text-encoding": "^0.6.4"
      }
    },
    "slice-source": {
      "version": "0.4.1",
      "resolved": "https://registry.npmjs.org/slice-source/-/slice-source-0.4.1.tgz",
      "integrity": "sha1-QKV6wDxmaLXaIA4FN44AC/KmHXk="
    },
    "statuses": {
      "version": "1.5.0",
      "resolved": "https://registry.npmjs.org/statuses/-/statuses-1.5.0.tgz",
      "integrity": "sha1-Fhx9rBd2Wf2YEfQ3cfqZOBR4Yow="
    },
    "stream-source": {
      "version": "0.3.5",
      "resolved": "https://registry.npmjs.org/stream-source/-/stream-source-0.3.5.tgz",
      "integrity": "sha512-ZuEDP9sgjiAwUVoDModftG0JtYiLUV8K4ljYD1VyUMRWtbVf92474o4kuuul43iZ8t/hRuiDAx1dIJSvirrK/g=="
    },
    "string_decoder": {
      "version": "1.1.1",
      "resolved": "https://registry.npmjs.org/string_decoder/-/string_decoder-1.1.1.tgz",
      "integrity": "sha512-n/ShnvDi6FHbbVfviro+WojiFzv+s8MPMHBczVePfUpDJLwoLT0ht1l4YwBCbi8pJAveEEdnkHyPyTP/mzRfwg==",
      "requires": {
        "safe-buffer": "~5.1.0"
      }
    },
    "supports-color": {
      "version": "5.5.0",
      "resolved": "https://registry.npmjs.org/supports-color/-/supports-color-5.5.0.tgz",
      "integrity": "sha512-QjVjwdXIt408MIiAqCX4oUKsgU2EqAGzs2Ppkm4aQYbjm+ZEWEcW4SfFNTr4uMNZma0ey4f5lgLrkB0aX0QMow==",
      "requires": {
        "has-flag": "^3.0.0"
      }
    },
    "text-encoding": {
      "version": "0.6.4",
      "resolved": "http://registry.npmjs.org/text-encoding/-/text-encoding-0.6.4.tgz",
      "integrity": "sha1-45mpgiV6J22uQou5KEXLcb3CbRk="
    },
    "timed-cache": {
      "version": "1.1.1",
      "resolved": "https://registry.npmjs.org/timed-cache/-/timed-cache-1.1.1.tgz",
      "integrity": "sha512-ADZmeElmScZLH1TBrEB7ERTeoXZ+7JfTkcz2Z4AjhaJXLCyceK3LF1LEWm/tGUjcfdPKAM+eJCy7RM4dQqYH/g=="
    },
    "tiny-lru": {
      "version": "1.6.4",
      "resolved": "https://registry.npmjs.org/tiny-lru/-/tiny-lru-1.6.4.tgz",
      "integrity": "sha512-Et+J3Css66XPSLWjLF9wmgbECsGiExlEL+jxsFerTQF6N6dpxswDTPAfIrAbQKO5c1uhgq2xvo5zMk1W+kBDNA=="
    },
    "typedarray": {
      "version": "0.0.6",
      "resolved": "https://registry.npmjs.org/typedarray/-/typedarray-0.0.6.tgz",
      "integrity": "sha1-hnrHTjhkGHsdPUfZlqeOxciDB3c="
    },
    "unpipe": {
      "version": "1.0.0",
      "resolved": "https://registry.npmjs.org/unpipe/-/unpipe-1.0.0.tgz",
      "integrity": "sha1-sr9O6FFKrmFltIF4KdIbLvSZBOw="
    },
    "util-deprecate": {
      "version": "1.0.2",
      "resolved": "https://registry.npmjs.org/util-deprecate/-/util-deprecate-1.0.2.tgz",
      "integrity": "sha1-RQ1Nyfpw3nMnYvvS1KKJgUGaDM8="
    }
  }
}
