{
  "name": "ip-to-tz",
  "version": "1.0.0",
  "lockfileVersion": 3,
  "requires": true,
  "packages": {
    "": {
      "name": "ip-to-tz",
      "version": "1.0.0",
      "license": "ISC",
      "dependencies": {
        "maxmind": "^2.11.0"
      }
    },
    "node_modules/big-integer": {
      "version": "1.6.36",
      "resolved": "https://registry.npmjs.org/big-integer/-/big-integer-1.6.36.tgz",
      "integrity": "sha512-t70bfa7HYEA1D9idDbmuv7YbsbVkQ+Hp+8KFSul4aE5e/i1bjCNIRYJZlA8Q8p0r9T8cF/RVvwUgRA//FydEyg==",
      "engines": {
        "node": ">=0.6"
      }
    },
    "node_modules/maxmind": {
      "version": "2.11.0",
      "resolved": "https://registry.npmjs.org/maxmind/-/maxmind-2.11.0.tgz",
      "integrity": "sha512-ke0huy9eNbsOX+VMDCgbf48FRrm4ZXrD7/5alYll9maDReAAt/0lNUG69eGaCzKVD+MQ5aCWZ8pxjJBjM8yFrA==",
      "dependencies": {
        "big-integer": "^1.6.31",
        "tiny-lru": "^1.6.1"
      },
      "engines": {
        "node": ">=4.8",
        "npm": ">=1"
      }
    },
    "node_modules/tiny-lru": {
      "version": "1.6.4",
      "resolved": "https://registry.npmjs.org/tiny-lru/-/tiny-lru-1.6.4.tgz",
      "integrity": "sha512-Et+J3Css66XPSLWjLF9wmgbECsGiExlEL+jxsFerTQF6N6dpxswDTPAfIrAbQKO5c1uhgq2xvo5zMk1W+kBDNA==",
      "engines": {
        "node": ">=0.8.0"
      }
    }
  }
}
